// !$*UTF8*$!
{
	archiveVersion = 1;
	classes = {
	};
	objectVersion = 55;
	objects = {

/* Begin PBXBuildFile section */
		DFB0EAB827CE9B740047869D /* AppDelegate.swift in Sources */ = {isa = PBXBuildFile; fileRef = DFB0EAB727CE9B740047869D /* AppDelegate.swift */; };
		DFB0EABA27CE9B740047869D /* SceneDelegate.swift in Sources */ = {isa = PBXBuildFile; fileRef = DFB0EAB927CE9B740047869D /* SceneDelegate.swift */; };
		DFB0EABC27CE9B740047869D /* MainViewController.swift in Sources */ = {isa = PBXBuildFile; fileRef = DFB0EABB27CE9B740047869D /* MainViewController.swift */; };
		DFB0EABF27CE9B740047869D /* Main.storyboard in Resources */ = {isa = PBXBuildFile; fileRef = DFB0EABD27CE9B740047869D /* Main.storyboard */; };
		DFB0EAC127CE9B760047869D /* Assets.xcassets in Resources */ = {isa = PBXBuildFile; fileRef = DFB0EAC027CE9B760047869D /* Assets.xcassets */; };
		DFB0EAC427CE9B760047869D /* LaunchScreen.storyboard in Resources */ = {isa = PBXBuildFile; fileRef = DFB0EAC227CE9B760047869D /* LaunchScreen.storyboard */; };
		DFB0EACD27CE9BE50047869D /* Model.swift in Sources */ = {isa = PBXBuildFile; fileRef = DFB0EACC27CE9BE50047869D /* Model.swift */; };
		DFB0EAD027CEA2220047869D /* MainTableViewCell.swift in Sources */ = {isa = PBXBuildFile; fileRef = DFB0EACF27CEA2220047869D /* MainTableViewCell.swift */; };
		DFB0EAF227D205A90047869D /* DataBaseViewController.swift in Sources */ = {isa = PBXBuildFile; fileRef = DFB0EAF127D205A90047869D /* DataBaseViewController.swift */; };
		DFB0EAF427D2090F0047869D /* DataBaseTableViewCell.swift in Sources */ = {isa = PBXBuildFile; fileRef = DFB0EAF327D2090F0047869D /* DataBaseTableViewCell.swift */; };
		DFB0EAF627D2242D0047869D /* UIButton+Extension.swift in Sources */ = {isa = PBXBuildFile; fileRef = DFB0EAF527D2242D0047869D /* UIButton+Extension.swift */; };
		DFB0EAFC27D609790047869D /* MainViewModel.swift in Sources */ = {isa = PBXBuildFile; fileRef = DFB0EAFB27D609790047869D /* MainViewModel.swift */; };
		DFB0EAFE27D60E660047869D /* DataBaseViewModel.swift in Sources */ = {isa = PBXBuildFile; fileRef = DFB0EAFD27D60E660047869D /* DataBaseViewModel.swift */; };
		DFB0EB0627D7654A0047869D /* DataBaseViewModelTests.swift in Sources */ = {isa = PBXBuildFile; fileRef = DFB0EB0527D7654A0047869D /* DataBaseViewModelTests.swift */; };
		DFB0EB0D27D7A06A0047869D /* MainViewModelTests.swift in Sources */ = {isa = PBXBuildFile; fileRef = DFB0EB0C27D7A06A0047869D /* MainViewModelTests.swift */; };
/* End PBXBuildFile section */

/* Begin PBXContainerItemProxy section */
		DFB0EB0727D7654A0047869D /* PBXContainerItemProxy */ = {
			isa = PBXContainerItemProxy;
			containerPortal = DFB0EAAC27CE9B740047869D /* Project object */;
			proxyType = 1;
			remoteGlobalIDString = DFB0EAB327CE9B740047869D;
			remoteInfo = GreyCard;
		};
/* End PBXContainerItemProxy section */

/* Begin PBXFileReference section */
		DFB0EAB427CE9B740047869D /* GreyCard.app */ = {isa = PBXFileReference; explicitFileType = wrapper.application; includeInIndex = 0; path = GreyCard.app; sourceTree = BUILT_PRODUCTS_DIR; };
		DFB0EAB727CE9B740047869D /* AppDelegate.swift */ = {isa = PBXFileReference; lastKnownFileType = sourcecode.swift; path = AppDelegate.swift; sourceTree = "<group>"; };
		DFB0EAB927CE9B740047869D /* SceneDelegate.swift */ = {isa = PBXFileReference; lastKnownFileType = sourcecode.swift; path = SceneDelegate.swift; sourceTree = "<group>"; };
		DFB0EABB27CE9B740047869D /* MainViewController.swift */ = {isa = PBXFileReference; lastKnownFileType = sourcecode.swift; path = MainViewController.swift; sourceTree = "<group>"; };
		DFB0EABE27CE9B740047869D /* Base */ = {isa = PBXFileReference; lastKnownFileType = file.storyboard; name = Base; path = Base.lproj/Main.storyboard; sourceTree = "<group>"; };
		DFB0EAC027CE9B760047869D /* Assets.xcassets */ = {isa = PBXFileReference; lastKnownFileType = folder.assetcatalog; path = Assets.xcassets; sourceTree = "<group>"; };
		DFB0EAC327CE9B760047869D /* Base */ = {isa = PBXFileReference; lastKnownFileType = file.storyboard; name = Base; path = Base.lproj/LaunchScreen.storyboard; sourceTree = "<group>"; };
		DFB0EAC527CE9B760047869D /* Info.plist */ = {isa = PBXFileReference; lastKnownFileType = text.plist.xml; path = Info.plist; sourceTree = "<group>"; };
		DFB0EACC27CE9BE50047869D /* Model.swift */ = {isa = PBXFileReference; lastKnownFileType = sourcecode.swift; path = Model.swift; sourceTree = "<group>"; };
		DFB0EACF27CEA2220047869D /* MainTableViewCell.swift */ = {isa = PBXFileReference; lastKnownFileType = sourcecode.swift; path = MainTableViewCell.swift; sourceTree = "<group>"; };
		DFB0EAF127D205A90047869D /* DataBaseViewController.swift */ = {isa = PBXFileReference; lastKnownFileType = sourcecode.swift; path = DataBaseViewController.swift; sourceTree = "<group>"; };
		DFB0EAF327D2090F0047869D /* DataBaseTableViewCell.swift */ = {isa = PBXFileReference; lastKnownFileType = sourcecode.swift; path = DataBaseTableViewCell.swift; sourceTree = "<group>"; };
		DFB0EAF527D2242D0047869D /* UIButton+Extension.swift */ = {isa = PBXFileReference; lastKnownFileType = sourcecode.swift; path = "UIButton+Extension.swift"; sourceTree = "<group>"; };
		DFB0EAFB27D609790047869D /* MainViewModel.swift */ = {isa = PBXFileReference; lastKnownFileType = sourcecode.swift; path = MainViewModel.swift; sourceTree = "<group>"; };
		DFB0EAFD27D60E660047869D /* DataBaseViewModel.swift */ = {isa = PBXFileReference; lastKnownFileType = sourcecode.swift; path = DataBaseViewModel.swift; sourceTree = "<group>"; };
		DFB0EB0327D7654A0047869D /* GreyCardUnitTests.xctest */ = {isa = PBXFileReference; explicitFileType = wrapper.cfbundle; includeInIndex = 0; path = GreyCardUnitTests.xctest; sourceTree = BUILT_PRODUCTS_DIR; };
		DFB0EB0527D7654A0047869D /* DataBaseViewModelTests.swift */ = {isa = PBXFileReference; lastKnownFileType = sourcecode.swift; path = DataBaseViewModelTests.swift; sourceTree = "<group>"; };
		DFB0EB0C27D7A06A0047869D /* MainViewModelTests.swift */ = {isa = PBXFileReference; lastKnownFileType = sourcecode.swift; path = MainViewModelTests.swift; sourceTree = "<group>"; };
/* End PBXFileReference section */

/* Begin PBXFrameworksBuildPhase section */
		DFB0EAB127CE9B740047869D /* Frameworks */ = {
			isa = PBXFrameworksBuildPhase;
			buildActionMask = 2147483647;
			files = (
			);
			runOnlyForDeploymentPostprocessing = 0;
		};
		DFB0EB0027D7654A0047869D /* Frameworks */ = {
			isa = PBXFrameworksBuildPhase;
			buildActionMask = 2147483647;
			files = (
			);
			runOnlyForDeploymentPostprocessing = 0;
		};
/* End PBXFrameworksBuildPhase section */

/* Begin PBXGroup section */
		DFB0EAAB27CE9B740047869D = {
			isa = PBXGroup;
			children = (
				DFB0EAB627CE9B740047869D /* GreyCard */,
				DFB0EB0427D7654A0047869D /* GreyCardUnitTests */,
				DFB0EAB527CE9B740047869D /* Products */,
			);
			sourceTree = "<group>";
		};
		DFB0EAB527CE9B740047869D /* Products */ = {
			isa = PBXGroup;
			children = (
				DFB0EAB427CE9B740047869D /* GreyCard.app */,
				DFB0EB0327D7654A0047869D /* GreyCardUnitTests.xctest */,
			);
			name = Products;
			sourceTree = "<group>";
		};
		DFB0EAB627CE9B740047869D /* GreyCard */ = {
			isa = PBXGroup;
			children = (
				DFB0EACB27CE9BD30047869D /* Model */,
				DFB0EAF827D600870047869D /* ViewModel */,
				DFB0EACE27CEA1EE0047869D /* Views */,
				DFB0EAF727D600570047869D /* ViewControllers */,
				DFB0EABD27CE9B740047869D /* Main.storyboard */,
				DFB0EAC027CE9B760047869D /* Assets.xcassets */,
				DFB0EAC227CE9B760047869D /* LaunchScreen.storyboard */,
				DFB0EAC527CE9B760047869D /* Info.plist */,
				DFB0EAB727CE9B740047869D /* AppDelegate.swift */,
				DFB0EAB927CE9B740047869D /* SceneDelegate.swift */,
			);
			path = GreyCard;
			sourceTree = "<group>";
		};
		DFB0EACB27CE9BD30047869D /* Model */ = {
			isa = PBXGroup;
			children = (
				DFB0EACC27CE9BE50047869D /* Model.swift */,
			);
			path = Model;
			sourceTree = "<group>";
		};
		DFB0EACE27CEA1EE0047869D /* Views */ = {
			isa = PBXGroup;
			children = (
				DFB0EACF27CEA2220047869D /* MainTableViewCell.swift */,
				DFB0EAF327D2090F0047869D /* DataBaseTableViewCell.swift */,
				DFB0EAF527D2242D0047869D /* UIButton+Extension.swift */,
			);
			path = Views;
			sourceTree = "<group>";
		};
		DFB0EAF727D600570047869D /* ViewControllers */ = {
			isa = PBXGroup;
			children = (
				DFB0EABB27CE9B740047869D /* MainViewController.swift */,
				DFB0EAF127D205A90047869D /* DataBaseViewController.swift */,
			);
			path = ViewControllers;
			sourceTree = "<group>";
		};
		DFB0EAF827D600870047869D /* ViewModel */ = {
			isa = PBXGroup;
			children = (
				DFB0EAFB27D609790047869D /* MainViewModel.swift */,
				DFB0EAFD27D60E660047869D /* DataBaseViewModel.swift */,
			);
			path = ViewModel;
			sourceTree = "<group>";
		};
		DFB0EB0427D7654A0047869D /* GreyCardUnitTests */ = {
			isa = PBXGroup;
			children = (
				DFB0EB0C27D7A06A0047869D /* MainViewModelTests.swift */,
				DFB0EB0527D7654A0047869D /* DataBaseViewModelTests.swift */,
			);
			path = GreyCardUnitTests;
			sourceTree = "<group>";
		};
/* End PBXGroup section */

/* Begin PBXNativeTarget section */
		DFB0EAB327CE9B740047869D /* GreyCard */ = {
			isa = PBXNativeTarget;
			buildConfigurationList = DFB0EAC827CE9B760047869D /* Build configuration list for PBXNativeTarget "GreyCard" */;
			buildPhases = (
				DFB0EAB027CE9B740047869D /* Sources */,
				DFB0EAB127CE9B740047869D /* Frameworks */,
				DFB0EAB227CE9B740047869D /* Resources */,
			);
			buildRules = (
			);
			dependencies = (
			);
			name = GreyCard;
			productName = GreyCard;
			productReference = DFB0EAB427CE9B740047869D /* GreyCard.app */;
			productType = "com.apple.product-type.application";
		};
		DFB0EB0227D7654A0047869D /* GreyCardUnitTests */ = {
			isa = PBXNativeTarget;
			buildConfigurationList = DFB0EB0927D7654A0047869D /* Build configuration list for PBXNativeTarget "GreyCardUnitTests" */;
			buildPhases = (
				DFB0EAFF27D7654A0047869D /* Sources */,
				DFB0EB0027D7654A0047869D /* Frameworks */,
				DFB0EB0127D7654A0047869D /* Resources */,
			);
			buildRules = (
			);
			dependencies = (
				DFB0EB0827D7654A0047869D /* PBXTargetDependency */,
			);
			name = GreyCardUnitTests;
			productName = GreyCardUnitTests;
			productReference = DFB0EB0327D7654A0047869D /* GreyCardUnitTests.xctest */;
			productType = "com.apple.product-type.bundle.unit-test";
		};
/* End PBXNativeTarget section */

/* Begin PBXProject section */
		DFB0EAAC27CE9B740047869D /* Project object */ = {
			isa = PBXProject;
			attributes = {
				BuildIndependentTargetsInParallel = 1;
				LastSwiftUpdateCheck = 1310;
				LastUpgradeCheck = 1310;
				TargetAttributes = {
					DFB0EAB327CE9B740047869D = {
						CreatedOnToolsVersion = 13.1;
					};
					DFB0EB0227D7654A0047869D = {
						CreatedOnToolsVersion = 13.1;
						TestTargetID = DFB0EAB327CE9B740047869D;
					};
				};
			};
			buildConfigurationList = DFB0EAAF27CE9B740047869D /* Build configuration list for PBXProject "GreyCard" */;
			compatibilityVersion = "Xcode 13.0";
			developmentRegion = en;
			hasScannedForEncodings = 0;
			knownRegions = (
				en,
				Base,
			);
			mainGroup = DFB0EAAB27CE9B740047869D;
			productRefGroup = DFB0EAB527CE9B740047869D /* Products */;
			projectDirPath = "";
			projectRoot = "";
			targets = (
				DFB0EAB327CE9B740047869D /* GreyCard */,
				DFB0EB0227D7654A0047869D /* GreyCardUnitTests */,
			);
		};
/* End PBXProject section */

/* Begin PBXResourcesBuildPhase section */
		DFB0EAB227CE9B740047869D /* Resources */ = {
			isa = PBXResourcesBuildPhase;
			buildActionMask = 2147483647;
			files = (
				DFB0EAC427CE9B760047869D /* LaunchScreen.storyboard in Resources */,
				DFB0EAC127CE9B760047869D /* Assets.xcassets in Resources */,
				DFB0EABF27CE9B740047869D /* Main.storyboard in Resources */,
			);
			runOnlyForDeploymentPostprocessing = 0;
		};
		DFB0EB0127D7654A0047869D /* Resources */ = {
			isa = PBXResourcesBuildPhase;
			buildActionMask = 2147483647;
			files = (
			);
			runOnlyForDeploymentPostprocessing = 0;
		};
/* End PBXResourcesBuildPhase section */

/* Begin PBXSourcesBuildPhase section */
		DFB0EAB027CE9B740047869D /* Sources */ = {
			isa = PBXSourcesBuildPhase;
			buildActionMask = 2147483647;
			files = (
				DFB0EABC27CE9B740047869D /* MainViewController.swift in Sources */,
				DFB0EAB827CE9B740047869D /* AppDelegate.swift in Sources */,
				DFB0EABA27CE9B740047869D /* SceneDelegate.swift in Sources */,
				DFB0EAF227D205A90047869D /* DataBaseViewController.swift in Sources */,
				DFB0EACD27CE9BE50047869D /* Model.swift in Sources */,
				DFB0EAF627D2242D0047869D /* UIButton+Extension.swift in Sources */,
				DFB0EAF427D2090F0047869D /* DataBaseTableViewCell.swift in Sources */,
				DFB0EAD027CEA2220047869D /* MainTableViewCell.swift in Sources */,
				DFB0EAFC27D609790047869D /* MainViewModel.swift in Sources */,
				DFB0EAFE27D60E660047869D /* DataBaseViewModel.swift in Sources */,
			);
			runOnlyForDeploymentPostprocessing = 0;
		};
		DFB0EAFF27D7654A0047869D /* Sources */ = {
			isa = PBXSourcesBuildPhase;
			buildActionMask = 2147483647;
			files = (
				DFB0EB0D27D7A06A0047869D /* MainViewModelTests.swift in Sources */,
				DFB0EB0627D7654A0047869D /* DataBaseViewModelTests.swift in Sources */,
			);
			runOnlyForDeploymentPostprocessing = 0;
		};
/* End PBXSourcesBuildPhase section */

/* Begin PBXTargetDependency section */
		DFB0EB0827D7654A0047869D /* PBXTargetDependency */ = {
			isa = PBXTargetDependency;
			target = DFB0EAB327CE9B740047869D /* GreyCard */;
			targetProxy = DFB0EB0727D7654A0047869D /* PBXContainerItemProxy */;
		};
/* End PBXTargetDependency section */

/* Begin PBXVariantGroup section */
		DFB0EABD27CE9B740047869D /* Main.storyboard */ = {
			isa = PBXVariantGroup;
			children = (
				DFB0EABE27CE9B740047869D /* Base */,
			);
			name = Main.storyboard;
			sourceTree = "<group>";
		};
		DFB0EAC227CE9B760047869D /* LaunchScreen.storyboard */ = {
			isa = PBXVariantGroup;
			children = (
				DFB0EAC327CE9B760047869D /* Base */,
			);
			name = LaunchScreen.storyboard;
			sourceTree = "<group>";
		};
/* End PBXVariantGroup section */

/* Begin XCBuildConfiguration section */
		DFB0EAC627CE9B760047869D /* Debug */ = {
			isa = XCBuildConfiguration;
			buildSettings = {
				ALWAYS_SEARCH_USER_PATHS = NO;
				CLANG_ANALYZER_NONNULL = YES;
				CLANG_ANALYZER_NUMBER_OBJECT_CONVERSION = YES_AGGRESSIVE;
				CLANG_CXX_LANGUAGE_STANDARD = "gnu++17";
				CLANG_CXX_LIBRARY = "libc++";
				CLANG_ENABLE_MODULES = YES;
				CLANG_ENABLE_OBJC_ARC = YES;
				CLANG_ENABLE_OBJC_WEAK = YES;
				CLANG_WARN_BLOCK_CAPTURE_AUTORELEASING = YES;
				CLANG_WARN_BOOL_CONVERSION = YES;
				CLANG_WARN_COMMA = YES;
				CLANG_WARN_CONSTANT_CONVERSION = YES;
				CLANG_WARN_DEPRECATED_OBJC_IMPLEMENTATIONS = YES;
				CLANG_WARN_DIRECT_OBJC_ISA_USAGE = YES_ERROR;
				CLANG_WARN_DOCUMENTATION_COMMENTS = YES;
				CLANG_WARN_EMPTY_BODY = YES;
				CLANG_WARN_ENUM_CONVERSION = YES;
				CLANG_WARN_INFINITE_RECURSION = YES;
				CLANG_WARN_INT_CONVERSION = YES;
				CLANG_WARN_NON_LITERAL_NULL_CONVERSION = YES;
				CLANG_WARN_OBJC_IMPLICIT_RETAIN_SELF = YES;
				CLANG_WARN_OBJC_LITERAL_CONVERSION = YES;
				CLANG_WARN_OBJC_ROOT_CLASS = YES_ERROR;
				CLANG_WARN_QUOTED_INCLUDE_IN_FRAMEWORK_HEADER = YES;
				CLANG_WARN_RANGE_LOOP_ANALYSIS = YES;
				CLANG_WARN_STRICT_PROTOTYPES = YES;
				CLANG_WARN_SUSPICIOUS_MOVE = YES;
				CLANG_WARN_UNGUARDED_AVAILABILITY = YES_AGGRESSIVE;
				CLANG_WARN_UNREACHABLE_CODE = YES;
				CLANG_WARN__DUPLICATE_METHOD_MATCH = YES;
				COPY_PHASE_STRIP = NO;
				DEBUG_INFORMATION_FORMAT = dwarf;
				ENABLE_STRICT_OBJC_MSGSEND = YES;
				ENABLE_TESTABILITY = YES;
				GCC_C_LANGUAGE_STANDARD = gnu11;
				GCC_DYNAMIC_NO_PIC = NO;
				GCC_NO_COMMON_BLOCKS = YES;
				GCC_OPTIMIZATION_LEVEL = 0;
				GCC_PREPROCESSOR_DEFINITIONS = (
					"DEBUG=1",
					"$(inherited)",
				);
				GCC_WARN_64_TO_32_BIT_CONVERSION = YES;
				GCC_WARN_ABOUT_RETURN_TYPE = YES_ERROR;
				GCC_WARN_UNDECLARED_SELECTOR = YES;
				GCC_WARN_UNINITIALIZED_AUTOS = YES_AGGRESSIVE;
				GCC_WARN_UNUSED_FUNCTION = YES;
				GCC_WARN_UNUSED_VARIABLE = YES;
				IPHONEOS_DEPLOYMENT_TARGET = 14.6;
				MTL_ENABLE_DEBUG_INFO = INCLUDE_SOURCE;
				MTL_FAST_MATH = YES;
				ONLY_ACTIVE_ARCH = YES;
				SDKROOT = iphoneos;
				SWIFT_ACTIVE_COMPILATION_CONDITIONS = DEBUG;
				SWIFT_OPTIMIZATION_LEVEL = "-Onone";
			};
			name = Debug;
		};
		DFB0EAC727CE9B760047869D /* Release */ = {
			isa = XCBuildConfiguration;
			buildSettings = {
				ALWAYS_SEARCH_USER_PATHS = NO;
				CLANG_ANALYZER_NONNULL = YES;
				CLANG_ANALYZER_NUMBER_OBJECT_CONVERSION = YES_AGGRESSIVE;
				CLANG_CXX_LANGUAGE_STANDARD = "gnu++17";
				CLANG_CXX_LIBRARY = "libc++";
				CLANG_ENABLE_MODULES = YES;
				CLANG_ENABLE_OBJC_ARC = YES;
				CLANG_ENABLE_OBJC_WEAK = YES;
				CLANG_WARN_BLOCK_CAPTURE_AUTORELEASING = YES;
				CLANG_WARN_BOOL_CONVERSION = YES;
				CLANG_WARN_COMMA = YES;
				CLANG_WARN_CONSTANT_CONVERSION = YES;
				CLANG_WARN_DEPRECATED_OBJC_IMPLEMENTATIONS = YES;
				CLANG_WARN_DIRECT_OBJC_ISA_USAGE = YES_ERROR;
				CLANG_WARN_DOCUMENTATION_COMMENTS = YES;
				CLANG_WARN_EMPTY_BODY = YES;
				CLANG_WARN_ENUM_CONVERSION = YES;
				CLANG_WARN_INFINITE_RECURSION = YES;
				CLANG_WARN_INT_CONVERSION = YES;
				CLANG_WARN_NON_LITERAL_NULL_CONVERSION = YES;
				CLANG_WARN_OBJC_IMPLICIT_RETAIN_SELF = YES;
				CLANG_WARN_OBJC_LITERAL_CONVERSION = YES;
				CLANG_WARN_OBJC_ROOT_CLASS = YES_ERROR;
				CLANG_WARN_QUOTED_INCLUDE_IN_FRAMEWORK_HEADER = YES;
				CLANG_WARN_RANGE_LOOP_ANALYSIS = YES;
				CLANG_WARN_STRICT_PROTOTYPES = YES;
				CLANG_WARN_SUSPICIOUS_MOVE = YES;
				CLANG_WARN_UNGUARDED_AVAILABILITY = YES_AGGRESSIVE;
				CLANG_WARN_UNREACHABLE_CODE = YES;
				CLANG_WARN__DUPLICATE_METHOD_MATCH = YES;
				COPY_PHASE_STRIP = NO;
				DEBUG_INFORMATION_FORMAT = "dwarf-with-dsym";
				ENABLE_NS_ASSERTIONS = NO;
				ENABLE_STRICT_OBJC_MSGSEND = YES;
				GCC_C_LANGUAGE_STANDARD = gnu11;
				GCC_NO_COMMON_BLOCKS = YES;
				GCC_WARN_64_TO_32_BIT_CONVERSION = YES;
				GCC_WARN_ABOUT_RETURN_TYPE = YES_ERROR;
				GCC_WARN_UNDECLARED_SELECTOR = YES;
				GCC_WARN_UNINITIALIZED_AUTOS = YES_AGGRESSIVE;
				GCC_WARN_UNUSED_FUNCTION = YES;
				GCC_WARN_UNUSED_VARIABLE = YES;
				IPHONEOS_DEPLOYMENT_TARGET = 14.6;
				MTL_ENABLE_DEBUG_INFO = NO;
				MTL_FAST_MATH = YES;
				SDKROOT = iphoneos;
				SWIFT_COMPILATION_MODE = wholemodule;
				SWIFT_OPTIMIZATION_LEVEL = "-O";
				VALIDATE_PRODUCT = YES;
			};
			name = Release;
		};
		DFB0EAC927CE9B760047869D /* Debug */ = {
			isa = XCBuildConfiguration;
			buildSettings = {
				ASSETCATALOG_COMPILER_APPICON_NAME = AppIcon;
				ASSETCATALOG_COMPILER_GLOBAL_ACCENT_COLOR_NAME = AccentColor;
				CODE_SIGN_STYLE = Automatic;
				CURRENT_PROJECT_VERSION = 1;
				DEVELOPMENT_TEAM = 6TQQSBJ45Q;
				GENERATE_INFOPLIST_FILE = YES;
				INFOPLIST_FILE = GreyCard/Info.plist;
				INFOPLIST_KEY_UIApplicationSupportsIndirectInputEvents = YES;
				INFOPLIST_KEY_UILaunchStoryboardName = LaunchScreen;
				INFOPLIST_KEY_UIMainStoryboardFile = Main;
				INFOPLIST_KEY_UISupportedInterfaceOrientations_iPad = "UIInterfaceOrientationPortrait UIInterfaceOrientationPortraitUpsideDown UIInterfaceOrientationLandscapeLeft UIInterfaceOrientationLandscapeRight";
				INFOPLIST_KEY_UISupportedInterfaceOrientations_iPhone = "UIInterfaceOrientationPortrait UIInterfaceOrientationLandscapeLeft UIInterfaceOrientationLandscapeRight";
				IPHONEOS_DEPLOYMENT_TARGET = 14.6;
				LD_RUNPATH_SEARCH_PATHS = (
					"$(inherited)",
					"@executable_path/Frameworks",
				);
				MARKETING_VERSION = 1.0;
				PRODUCT_BUNDLE_IDENTIFIER = Pahodnik.GreyCard;
				PRODUCT_NAME = "$(TARGET_NAME)";
				SWIFT_EMIT_LOC_STRINGS = YES;
				SWIFT_VERSION = 5.0;
				TARGETED_DEVICE_FAMILY = "1,2";
			};
			name = Debug;
		};
		DFB0EACA27CE9B760047869D /* Release */ = {
			isa = XCBuildConfiguration;
			buildSettings = {
				ASSETCATALOG_COMPILER_APPICON_NAME = AppIcon;
				ASSETCATALOG_COMPILER_GLOBAL_ACCENT_COLOR_NAME = AccentColor;
				CODE_SIGN_STYLE = Automatic;
				CURRENT_PROJECT_VERSION = 1;
				DEVELOPMENT_TEAM = 6TQQSBJ45Q;
				GENERATE_INFOPLIST_FILE = YES;
				INFOPLIST_FILE = GreyCard/Info.plist;
				INFOPLIST_KEY_UIApplicationSupportsIndirectInputEvents = YES;
				INFOPLIST_KEY_UILaunchStoryboardName = LaunchScreen;
				INFOPLIST_KEY_UIMainStoryboardFile = Main;
				INFOPLIST_KEY_UISupportedInterfaceOrientations_iPad = "UIInterfaceOrientationPortrait UIInterfaceOrientationPortraitUpsideDown UIInterfaceOrientationLandscapeLeft UIInterfaceOrientationLandscapeRight";
				INFOPLIST_KEY_UISupportedInterfaceOrientations_iPhone = "UIInterfaceOrientationPortrait UIInterfaceOrientationLandscapeLeft UIInterfaceOrientationLandscapeRight";
				IPHONEOS_DEPLOYMENT_TARGET = 14.6;
				LD_RUNPATH_SEARCH_PATHS = (
					"$(inherited)",
					"@executable_path/Frameworks",
				);
				MARKETING_VERSION = 1.0;
				PRODUCT_BUNDLE_IDENTIFIER = Pahodnik.GreyCard;
				PRODUCT_NAME = "$(TARGET_NAME)";
				SWIFT_EMIT_LOC_STRINGS = YES;
				SWIFT_VERSION = 5.0;
				TARGETED_DEVICE_FAMILY = "1,2";
			};
			name = Release;
		};
		DFB0EB0A27D7654A0047869D /* Debug */ = {
			isa = XCBuildConfiguration;
			buildSettings = {
				BUNDLE_LOADER = "$(TEST_HOST)";
				CODE_SIGN_STYLE = Automatic;
				CURRENT_PROJECT_VERSION = 1;
				DEVELOPMENT_TEAM = 6TQQSBJ45Q;
				GENERATE_INFOPLIST_FILE = YES;
				IPHONEOS_DEPLOYMENT_TARGET = 14.6;
				LD_RUNPATH_SEARCH_PATHS = (
					"$(inherited)",
					"@executable_path/Frameworks",
					"@loader_path/Frameworks",
				);
				MARKETING_VERSION = 1.0;
				PRODUCT_BUNDLE_IDENTIFIER = Pahodnik.GreyCardUnitTests;
				PRODUCT_NAME = "$(TARGET_NAME)";
				SWIFT_EMIT_LOC_STRINGS = NO;
				SWIFT_VERSION = 5.0;
				TARGETED_DEVICE_FAMILY = "1,2";
				TEST_HOST = "$(BUILT_PRODUCTS_DIR)/GreyCard.app/GreyCard";
			};
			name = Debug;
		};
		DFB0EB0B27D7654A0047869D /* Release */ = {
			isa = XCBuildConfiguration;
			buildSettings = {
				BUNDLE_LOADER = "$(TEST_HOST)";
				CODE_SIGN_STYLE = Automatic;
				CURRENT_PROJECT_VERSION = 1;
				DEVELOPMENT_TEAM = 6TQQSBJ45Q;
				GENERATE_INFOPLIST_FILE = YES;
				IPHONEOS_DEPLOYMENT_TARGET = 14.6;
				LD_RUNPATH_SEARCH_PATHS = (
					"$(inherited)",
					"@executable_path/Frameworks",
					"@loader_path/Frameworks",
				);
				MARKETING_VERSION = 1.0;
				PRODUCT_BUNDLE_IDENTIFIER = Pahodnik.GreyCardUnitTests;
				PRODUCT_NAME = "$(TARGET_NAME)";
				SWIFT_EMIT_LOC_STRINGS = NO;
				SWIFT_VERSION = 5.0;
				TARGETED_DEVICE_FAMILY = "1,2";
				TEST_HOST = "$(BUILT_PRODUCTS_DIR)/GreyCard.app/GreyCard";
			};
			name = Release;
		};
/* End XCBuildConfiguration section */

/* Begin XCConfigurationList section */
		DFB0EAAF27CE9B740047869D /* Build configuration list for PBXProject "GreyCard" */ = {
			isa = XCConfigurationList;
			buildConfigurations = (
				DFB0EAC627CE9B760047869D /* Debug */,
				DFB0EAC727CE9B760047869D /* Release */,
			);
			defaultConfigurationIsVisible = 0;
			defaultConfigurationName = Release;
		};
		DFB0EAC827CE9B760047869D /* Build configuration list for PBXNativeTarget "GreyCard" */ = {
			isa = XCConfigurationList;
			buildConfigurations = (
				DFB0EAC927CE9B760047869D /* Debug */,
				DFB0EACA27CE9B760047869D /* Release */,
			);
			defaultConfigurationIsVisible = 0;
			defaultConfigurationName = Release;
		};
		DFB0EB0927D7654A0047869D /* Build configuration list for PBXNativeTarget "GreyCardUnitTests" */ = {
			isa = XCConfigurationList;
			buildConfigurations = (
				DFB0EB0A27D7654A0047869D /* Debug */,
				DFB0EB0B27D7654A0047869D /* Release */,
			);
			defaultConfigurationIsVisible = 0;
			defaultConfigurationName = Release;
		};
/* End XCConfigurationList section */
	};
	rootObject = DFB0EAAC27CE9B740047869D /* Project object */;
}
